
Microsoft Visual Studio Solution File, Format Version 12.00
# Visual Studio Version 17
VisualStudioVersion = 17.1.32210.238
MinimumVisualStudioVersion = 10.0.40219.1
Project("{9A19103F-16F7-4668-BE54-9A1E7A4F7556}") = "DotNetMore", "DotNetExtensions\DotNetMore.csproj", "{1AD7C430-075F-4050-B0A1-BF1CA74A3849}"
EndProject
Project("{9A19103F-16F7-4668-BE54-9A1E7A4F7556}") = "DotNetMore.Tests", "DotNetExtensions.Tests\DotNetMore.Tests.csproj", "{7A5749EF-9164-4BF0-B73F-A0FB798DC5E1}"
EndProject
Global
	GlobalSection(SolutionConfigurationPlatforms) = preSolution
		Debug|Any CPU = Debug|Any CPU
		Release|Any CPU = Release|Any CPU
	EndGlobalSection
	GlobalSection(ProjectConfigurationPlatforms) = postSolution
		{1AD7C430-075F-4050-B0A1-BF1CA74A3849}.Debug|Any CPU.ActiveCfg = Debug|Any CPU
		{1AD7C430-075F-4050-B0A1-BF1CA74A3849}.Debug|Any CPU.Build.0 = Debug|Any CPU
		{1AD7C430-075F-4050-B0A1-BF1CA74A3849}.Release|Any CPU.ActiveCfg = Release|Any CPU
		{1AD7C430-075F-4050-B0A1-BF1CA74A3849}.Release|Any CPU.Build.0 = Release|Any CPU
		{7A5749EF-9164-4BF0-B73F-A0FB798DC5E1}.Debug|Any CPU.ActiveCfg = Debug|Any CPU
		{7A5749EF-9164-4BF0-B73F-A0FB798DC5E1}.Debug|Any CPU.Build.0 = Debug|Any CPU
		{7A5749EF-9164-4BF0-B73F-A0FB798DC5E1}.Release|Any CPU.ActiveCfg = Release|Any CPU
		{7A5749EF-9164-4BF0-B73F-A0FB798DC5E1}.Release|Any CPU.Build.0 = Release|Any CPU
	EndGlobalSection
	GlobalSection(SolutionProperties) = preSolution
		HideSolutionNode = FALSE
	EndGlobalSection
	GlobalSection(ExtensibilityGlobals) = postSolution
		SolutionGuid = {159C6EA4-2B1B-4BF7-9921-208B1AF8D58C}
	EndGlobalSection
EndGlobal
